
Microsoft Visual Studio Solution File, Format Version 12.00
# Visual Studio 15
VisualStudioVersion = 15.0.27703.2000
MinimumVisualStudioVersion = 10.0.40219.1
Project("{FAE04EC0-301F-11D3-BF4B-00C04F79EFBC}") = "Hospital", "Hospital\Hospital.csproj", "{2D9CDB22-9768-412A-927B-F4166D0E4A51}"
EndProject
Global
	GlobalSection(SolutionConfigurationPlatforms) = preSolution
		Debug|Any CPU = Debug|Any CPU
		Release|Any CPU = Release|Any CPU
	EndGlobalSection
	GlobalSection(ProjectConfigurationPlatforms) = postSolution
		{2D9CDB22-9768-412A-927B-F4166D0E4A51}.Debug|Any CPU.ActiveCfg = Debug|Any CPU
		{2D9CDB22-9768-412A-927B-F4166D0E4A51}.Debug|Any CPU.Build.0 = Debug|Any CPU
		{2D9CDB22-9768-412A-927B-F4166D0E4A51}.Release|Any CPU.ActiveCfg = Release|Any CPU
		{2D9CDB22-9768-412A-927B-F4166D0E4A51}.Release|Any CPU.Build.0 = Release|Any CPU
	EndGlobalSection
	GlobalSection(SolutionProperties) = preSolution
		HideSolutionNode = FALSE
	EndGlobalSection
	GlobalSection(ExtensibilityGlobals) = postSolution
		SolutionGuid = {27FC9E08-E327-4C83-8C35-A07C024D6AF3}
	EndGlobalSection
EndGlobal
